
Microsoft Visual Studio Solution File, Format Version 12.00
# Visual Studio Version 17
VisualStudioVersion = 17.6.33513.286
MinimumVisualStudioVersion = 10.0.40219.1
Project("{9A19103F-16F7-4668-BE54-9A1E7A4F7556}") = "AI.YouTubeSummarizer", "AI.Summarizer\AI.YouTubeSummarizer.csproj", "{5147A4F4-4B48-443F-A7D6-C432299C2B89}"
EndProject
Project("{9A19103F-16F7-4668-BE54-9A1E7A4F7556}") = "YoutubeTranscriptApi", "YoutubeTranscriptApi\YoutubeTranscriptApi.csproj", "{0A421E49-DE2D-4934-AB41-FAE58893B730}"
EndProject
Project("{9A19103F-16F7-4668-BE54-9A1E7A4F7556}") = "YoutubeTranscriptApi.Tests", "YoutubeTranscriptApi.Tests\YoutubeTranscriptApi.Tests.csproj", "{1A9C3528-8597-447C-B436-AEB238BBF66E}"
EndProject
Global
	GlobalSection(SolutionConfigurationPlatforms) = preSolution
		Debug|Any CPU = Debug|Any CPU
		Release|Any CPU = Release|Any CPU
	EndGlobalSection
	GlobalSection(ProjectConfigurationPlatforms) = postSolution
		{5147A4F4-4B48-443F-A7D6-C432299C2B89}.Debug|Any CPU.ActiveCfg = Debug|Any CPU
		{5147A4F4-4B48-443F-A7D6-C432299C2B89}.Debug|Any CPU.Build.0 = Debug|Any CPU
		{5147A4F4-4B48-443F-A7D6-C432299C2B89}.Release|Any CPU.ActiveCfg = Release|Any CPU
		{5147A4F4-4B48-443F-A7D6-C432299C2B89}.Release|Any CPU.Build.0 = Release|Any CPU
		{0A421E49-DE2D-4934-AB41-FAE58893B730}.Debug|Any CPU.ActiveCfg = Debug|Any CPU
		{0A421E49-DE2D-4934-AB41-FAE58893B730}.Debug|Any CPU.Build.0 = Debug|Any CPU
		{0A421E49-DE2D-4934-AB41-FAE58893B730}.Release|Any CPU.ActiveCfg = Release|Any CPU
		{0A421E49-DE2D-4934-AB41-FAE58893B730}.Release|Any CPU.Build.0 = Release|Any CPU
		{1A9C3528-8597-447C-B436-AEB238BBF66E}.Debug|Any CPU.ActiveCfg = Debug|Any CPU
		{1A9C3528-8597-447C-B436-AEB238BBF66E}.Debug|Any CPU.Build.0 = Debug|Any CPU
		{1A9C3528-8597-447C-B436-AEB238BBF66E}.Release|Any CPU.ActiveCfg = Release|Any CPU
		{1A9C3528-8597-447C-B436-AEB238BBF66E}.Release|Any CPU.Build.0 = Release|Any CPU
	EndGlobalSection
	GlobalSection(SolutionProperties) = preSolution
		HideSolutionNode = FALSE
	EndGlobalSection
	GlobalSection(ExtensibilityGlobals) = postSolution
		SolutionGuid = {A3BB1D8D-E103-4428-AB57-78DD5718FA53}
	EndGlobalSection
EndGlobal
